<?xml version="1.0" encoding="utf-8"?>
<Project ToolsVersion="4.0" xmlns="http://schemas.microsoft.com/developer/msbuild/2003">
  <ItemGroup>
    <ClCompile Include="source\lexer.cpp" />
    <ClCompile Include="source\lib.cpp" />
    <ClCompile Include="source\main.cpp" />
    <ClCompile Include="source\parser.cpp" />
    <ClCompile Include="source\token.cpp" />
    <ClCompile Include="source\statement.cpp" />
    <ClCompile Include="vendor\imgui-docking\backends\imgui_impl_dx12.cpp" />
    <ClCompile Include="vendor\imgui-docking\backends\imgui_impl_win32.cpp" />
    <ClCompile Include="vendor\imgui-docking\imgui.cpp" />
    <ClCompile Include="vendor\imgui-docking\imgui_demo.cpp" />
    <ClCompile Include="vendor\imgui-docking\imgui_draw.cpp" />
    <ClCompile Include="vendor\imgui-docking\imgui_tables.cpp" />
    <ClCompile Include="vendor\imgui-docking\imgui_widgets.cpp" />
    <ClCompile Include="source\variable.cpp" />
    <ClCompile Include="source\variable_test.cpp" />
  </ItemGroup>
  <ItemGroup>
    <ClInclude Include="source\lib.h" />
    <ClInclude Include="source\parser.h" />
    <ClInclude Include="source\lexer.h" />
    <ClInclude Include="source\statement.h" />
    <ClInclude Include="source\token.h" />
    <ClInclude Include="source\tokenType.h" />
    <ClInclude Include="vendor\imgui-docking\backends\imgui_impl_dx12.h" />
    <ClInclude Include="vendor\imgui-docking\backends\imgui_impl_win32.h" />
    <ClInclude Include="vendor\imgui-docking\imconfig.h" />
    <ClInclude Include="vendor\imgui-docking\imgui.h" />
    <ClInclude Include="vendor\imgui-docking\imgui_internal.h" />
    <ClInclude Include="vendor\imgui-docking\imstb_rectpack.h" />
    <ClInclude Include="vendor\imgui-docking\imstb_textedit.h" />
    <ClInclude Include="vendor\imgui-docking\imstb_truetype.h" />
    <ClInclude Include="source\variable.h" />
  </ItemGroup>
  <ItemGroup>
    <Text Include="vendor\imgui-docking\LICENSE.txt" />
  </ItemGroup>
</Project>