<?xml version="1.0" encoding="utf-8"?>
<Project ToolsVersion="4.0" xmlns="http://schemas.microsoft.com/developer/msbuild/2003">
  <ItemGroup>
    <ClCompile Include="source\lexer.cpp" />
    <ClCompile Include="source\main.cpp" />
    <ClCompile Include="source\parser.cpp" />
    <ClCompile Include="source\token.cpp" />
    <ClCompile Include="vendor\imgui-docking\backends\imgui_impl_dx12.cpp" />
    <ClCompile Include="vendor\imgui-docking\backends\imgui_impl_win32.cpp" />
    <ClCompile Include="vendor\imgui-docking\imgui.cpp" />
    <ClCompile Include="vendor\imgui-docking\imgui_demo.cpp" />
    <ClCompile Include="vendor\imgui-docking\imgui_draw.cpp" />
    <ClCompile Include="vendor\imgui-docking\imgui_tables.cpp" />
    <ClCompile Include="vendor\imgui-docking\imgui_widgets.cpp" />
    <ClCompile Include="source\string.cpp" />
    <ClCompile Include="source\baseVariable.cpp" />
    <ClCompile Include="source\integer.cpp" />
    <ClCompile Include="source\declaration.cpp" />
    <ClCompile Include="source\assignment.cpp" />
    <ClCompile Include="source\baseStatement.cpp" />
    <ClCompile Include="source\frameContext.cpp" />
    <ClCompile Include="source\cell.cpp" />
    <ClCompile Include="source\cellCord.cpp" />
    <ClCompile Include="source\gridCommand.cpp" />
  </ItemGroup>
  <ItemGroup>
    <ClInclude Include="include\parser.h" />
    <ClInclude Include="include\lexer.h" />
    <ClInclude Include="include\baseStatement.h" />
    <ClInclude Include="include\token.h" />
    <ClInclude Include="include\tokenType.h" />
    <ClInclude Include="vendor\imgui-docking\backends\imgui_impl_dx12.h" />
    <ClInclude Include="vendor\imgui-docking\backends\imgui_impl_win32.h" />
    <ClInclude Include="vendor\imgui-docking\imconfig.h" />
    <ClInclude Include="vendor\imgui-docking\imgui.h" />
    <ClInclude Include="vendor\imgui-docking\imgui_internal.h" />
    <ClInclude Include="vendor\imgui-docking\imstb_rectpack.h" />
    <ClInclude Include="vendor\imgui-docking\imstb_textedit.h" />
    <ClInclude Include="vendor\imgui-docking\imstb_truetype.h" />
    <ClInclude Include="source\string.h" />
    <ClInclude Include="source\standardStatements.h" />
    <ClInclude Include="source\baseVariable.h" />
    <ClInclude Include="source\integer.h" />
    <ClInclude Include="source\declaration.h" />
    <ClInclude Include="source\assignment.h" />
    <ClInclude Include="include\assignment.h" />
    <ClInclude Include="include\baseStatement.h" />
    <ClInclude Include="include\baseVariable.h" />
    <ClInclude Include="include\declaration.h" />
    <ClInclude Include="include\integer.h" />
    <ClInclude Include="include\lexer.h" />
    <ClInclude Include="include\parser.h" />
    <ClInclude Include="include\standardStatements.h" />
    <ClInclude Include="include\string.h" />
    <ClInclude Include="include\token.h" />
    <ClInclude Include="include\tokenType.h" />
    <ClInclude Include="include\frameContext.h" />
    <ClInclude Include="include\cell.h" />
    <ClInclude Include="include\cellCord.h" />
    <ClInclude Include="include\commandType.h" />
    <ClInclude Include="include\gridCommand.h" />
  </ItemGroup>
  <ItemGroup>
    <Text Include="vendor\imgui-docking\LICENSE.txt" />
  </ItemGroup>
</Project>